// !$*UTF8*$!
{
	archiveVersion = 1;
	classes = {
	};
	objectVersion = 55;
	objects = {

/* Begin PBXBuildFile section */
		838BB648292362DC0089B6F9 /* Lottie in Frameworks */ = {isa = PBXBuildFile; productRef = 838BB647292362DC0089B6F9 /* Lottie */; };
		83EDEFA429236573008D9235 /* cel.json in Resources */ = {isa = PBXBuildFile; fileRef = 83EDEFA129236572008D9235 /* cel.json */; };
		83EDEFA529236573008D9235 /* rocket.json in Resources */ = {isa = PBXBuildFile; fileRef = 83EDEFA229236572008D9235 /* rocket.json */; };
		83EDEFA629236573008D9235 /* beer.json in Resources */ = {isa = PBXBuildFile; fileRef = 83EDEFA329236572008D9235 /* beer.json */; };
		871EACC9292358D800CB01E2 /* LoaderView.swift in Sources */ = {isa = PBXBuildFile; fileRef = 871EACC8292358D800CB01E2 /* LoaderView.swift */; };
		871EACCC29235A0100CB01E2 /* Main.storyboard in Resources */ = {isa = PBXBuildFile; fileRef = 871EACCB29235A0100CB01E2 /* Main.storyboard */; };
		879DE3DD292356850043B1CF /* AppDelegate.swift in Sources */ = {isa = PBXBuildFile; fileRef = 879DE3DC292356850043B1CF /* AppDelegate.swift */; };
		879DE3DF292356850043B1CF /* SceneDelegate.swift in Sources */ = {isa = PBXBuildFile; fileRef = 879DE3DE292356850043B1CF /* SceneDelegate.swift */; };
		879DE3E1292356850043B1CF /* ViewController.swift in Sources */ = {isa = PBXBuildFile; fileRef = 879DE3E0292356850043B1CF /* ViewController.swift */; };
		879DE3E6292356850043B1CF /* Assets.xcassets in Resources */ = {isa = PBXBuildFile; fileRef = 879DE3E5292356850043B1CF /* Assets.xcassets */; };
		879DE3E9292356850043B1CF /* LaunchScreen.storyboard in Resources */ = {isa = PBXBuildFile; fileRef = 879DE3E7292356850043B1CF /* LaunchScreen.storyboard */; };
/* End PBXBuildFile section */

/* Begin PBXFileReference section */
		83EDEFA129236572008D9235 /* cel.json */ = {isa = PBXFileReference; fileEncoding = 4; lastKnownFileType = text.json; path = cel.json; sourceTree = "<group>"; };
		83EDEFA229236572008D9235 /* rocket.json */ = {isa = PBXFileReference; fileEncoding = 4; lastKnownFileType = text.json; path = rocket.json; sourceTree = "<group>"; };
		83EDEFA329236572008D9235 /* beer.json */ = {isa = PBXFileReference; fileEncoding = 4; lastKnownFileType = text.json; path = beer.json; sourceTree = "<group>"; };
		871EACC8292358D800CB01E2 /* LoaderView.swift */ = {isa = PBXFileReference; lastKnownFileType = sourcecode.swift; path = LoaderView.swift; sourceTree = "<group>"; };
		871EACCB29235A0100CB01E2 /* Main.storyboard */ = {isa = PBXFileReference; fileEncoding = 4; lastKnownFileType = file.storyboard; path = Main.storyboard; sourceTree = "<group>"; };
		879DE3D9292356850043B1CF /* ANIMATIONSJECM.app */ = {isa = PBXFileReference; explicitFileType = wrapper.application; includeInIndex = 0; path = ANIMATIONSJECM.app; sourceTree = BUILT_PRODUCTS_DIR; };
		879DE3DC292356850043B1CF /* AppDelegate.swift */ = {isa = PBXFileReference; lastKnownFileType = sourcecode.swift; path = AppDelegate.swift; sourceTree = "<group>"; };
		879DE3DE292356850043B1CF /* SceneDelegate.swift */ = {isa = PBXFileReference; lastKnownFileType = sourcecode.swift; path = SceneDelegate.swift; sourceTree = "<group>"; };
		879DE3E0292356850043B1CF /* ViewController.swift */ = {isa = PBXFileReference; lastKnownFileType = sourcecode.swift; path = ViewController.swift; sourceTree = "<group>"; };
		879DE3E5292356850043B1CF /* Assets.xcassets */ = {isa = PBXFileReference; lastKnownFileType = folder.assetcatalog; path = Assets.xcassets; sourceTree = "<group>"; };
		879DE3E8292356850043B1CF /* Base */ = {isa = PBXFileReference; lastKnownFileType = file.storyboard; name = Base; path = Base.lproj/LaunchScreen.storyboard; sourceTree = "<group>"; };
		879DE3EA292356850043B1CF /* Info.plist */ = {isa = PBXFileReference; lastKnownFileType = text.plist.xml; path = Info.plist; sourceTree = "<group>"; };
/* End PBXFileReference section */

/* Begin PBXFrameworksBuildPhase section */
		879DE3D6292356840043B1CF /* Frameworks */ = {
			isa = PBXFrameworksBuildPhase;
			buildActionMask = 2147483647;
			files = (
				838BB648292362DC0089B6F9 /* Lottie in Frameworks */,
			);
			runOnlyForDeploymentPostprocessing = 0;
		};
/* End PBXFrameworksBuildPhase section */

/* Begin PBXGroup section */
		879DE3D0292356840043B1CF = {
			isa = PBXGroup;
			children = (
				879DE3DB292356850043B1CF /* ANIMATIONSJECM */,
				879DE3DA292356850043B1CF /* Products */,
			);
			sourceTree = "<group>";
		};
		879DE3DA292356850043B1CF /* Products */ = {
			isa = PBXGroup;
			children = (
				879DE3D9292356850043B1CF /* ANIMATIONSJECM.app */,
			);
			name = Products;
			sourceTree = "<group>";
		};
		879DE3DB292356850043B1CF /* ANIMATIONSJECM */ = {
			isa = PBXGroup;
			children = (
				879DE3F0292356A30043B1CF /* animations1 */,
				879DE3DC292356850043B1CF /* AppDelegate.swift */,
				879DE3DE292356850043B1CF /* SceneDelegate.swift */,
				879DE3E0292356850043B1CF /* ViewController.swift */,
				871EACC8292358D800CB01E2 /* LoaderView.swift */,
				871EACCB29235A0100CB01E2 /* Main.storyboard */,
				879DE3E5292356850043B1CF /* Assets.xcassets */,
				879DE3E7292356850043B1CF /* LaunchScreen.storyboard */,
				879DE3EA292356850043B1CF /* Info.plist */,
			);
			path = ANIMATIONSJECM;
			sourceTree = "<group>";
		};
		879DE3F0292356A30043B1CF /* animations1 */ = {
			isa = PBXGroup;
			children = (
				83EDEFA329236572008D9235 /* beer.json */,
				83EDEFA129236572008D9235 /* cel.json */,
				83EDEFA229236572008D9235 /* rocket.json */,
			);
			path = animations1;
			sourceTree = "<group>";
		};
/* End PBXGroup section */

/* Begin PBXNativeTarget section */
		879DE3D8292356840043B1CF /* ANIMATIONSJECM */ = {
			isa = PBXNativeTarget;
			buildConfigurationList = 879DE3ED292356850043B1CF /* Build configuration list for PBXNativeTarget "ANIMATIONSJECM" */;
			buildPhases = (
				879DE3D5292356840043B1CF /* Sources */,
				879DE3D6292356840043B1CF /* Frameworks */,
				879DE3D7292356840043B1CF /* Resources */,
			);
			buildRules = (
			);
			dependencies = (
			);
			name = ANIMATIONSJECM;
			packageProductDependencies = (
				838BB647292362DC0089B6F9 /* Lottie */,
			);
			productName = ANIMATIONSJECM;
			productReference = 879DE3D9292356850043B1CF /* ANIMATIONSJECM.app */;
			productType = "com.apple.product-type.application";
		};
/* End PBXNativeTarget section */

/* Begin PBXProject section */
		879DE3D1292356840043B1CF /* Project object */ = {
			isa = PBXProject;
			attributes = {
				BuildIndependentTargetsInParallel = 1;
				LastSwiftUpdateCheck = 1400;
				LastUpgradeCheck = 1400;
				TargetAttributes = {
					879DE3D8292356840043B1CF = {
						CreatedOnToolsVersion = 14.0.1;
					};
				};
			};
			buildConfigurationList = 879DE3D4292356840043B1CF /* Build configuration list for PBXProject "ANIMATIONSJECM" */;
			compatibilityVersion = "Xcode 13.0";
			developmentRegion = en;
			hasScannedForEncodings = 0;
			knownRegions = (
				en,
				Base,
			);
			mainGroup = 879DE3D0292356840043B1CF;
			packageReferences = (
				838BB646292362DC0089B6F9 /* XCRemoteSwiftPackageReference "lottie-ios" */,
			);
			productRefGroup = 879DE3DA292356850043B1CF /* Products */;
			projectDirPath = "";
			projectRoot = "";
			targets = (
				879DE3D8292356840043B1CF /* ANIMATIONSJECM */,
			);
		};
/* End PBXProject section */

/* Begin PBXResourcesBuildPhase section */
		879DE3D7292356840043B1CF /* Resources */ = {
			isa = PBXResourcesBuildPhase;
			buildActionMask = 2147483647;
			files = (
				83EDEFA629236573008D9235 /* beer.json in Resources */,
				871EACCC29235A0100CB01E2 /* Main.storyboard in Resources */,
				83EDEFA429236573008D9235 /* cel.json in Resources */,
				83EDEFA529236573008D9235 /* rocket.json in Resources */,
				879DE3E9292356850043B1CF /* LaunchScreen.storyboard in Resources */,
				879DE3E6292356850043B1CF /* Assets.xcassets in Resources */,
			);
			runOnlyForDeploymentPostprocessing = 0;
		};
/* End PBXResourcesBuildPhase section */

/* Begin PBXSourcesBuildPhase section */
		879DE3D5292356840043B1CF /* Sources */ = {
			isa = PBXSourcesBuildPhase;
			buildActionMask = 2147483647;
			files = (
				879DE3E1292356850043B1CF /* ViewController.swift in Sources */,
				871EACC9292358D800CB01E2 /* LoaderView.swift in Sources */,
				879DE3DD292356850043B1CF /* AppDelegate.swift in Sources */,
				879DE3DF292356850043B1CF /* SceneDelegate.swift in Sources */,
			);
			runOnlyForDeploymentPostprocessing = 0;
		};
/* End PBXSourcesBuildPhase section */

/* Begin PBXVariantGroup section */
		879DE3E7292356850043B1CF /* LaunchScreen.storyboard */ = {
			isa = PBXVariantGroup;
			children = (
				879DE3E8292356850043B1CF /* Base */,
			);
			name = LaunchScreen.storyboard;
			sourceTree = "<group>";
		};
/* End PBXVariantGroup section */

/* Begin XCBuildConfiguration section */
		879DE3EB292356850043B1CF /* Debug */ = {
			isa = XCBuildConfiguration;
			buildSettings = {
				ALWAYS_SEARCH_USER_PATHS = NO;
				CLANG_ANALYZER_NONNULL = YES;
				CLANG_ANALYZER_NUMBER_OBJECT_CONVERSION = YES_AGGRESSIVE;
				CLANG_CXX_LANGUAGE_STANDARD = "gnu++20";
				CLANG_ENABLE_MODULES = YES;
				CLANG_ENABLE_OBJC_ARC = YES;
				CLANG_ENABLE_OBJC_WEAK = YES;
				CLANG_WARN_BLOCK_CAPTURE_AUTORELEASING = YES;
				CLANG_WARN_BOOL_CONVERSION = YES;
				CLANG_WARN_COMMA = YES;
				CLANG_WARN_CONSTANT_CONVERSION = YES;
				CLANG_WARN_DEPRECATED_OBJC_IMPLEMENTATIONS = YES;
				CLANG_WARN_DIRECT_OBJC_ISA_USAGE = YES_ERROR;
				CLANG_WARN_DOCUMENTATION_COMMENTS = YES;
				CLANG_WARN_EMPTY_BODY = YES;
				CLANG_WARN_ENUM_CONVERSION = YES;
				CLANG_WARN_INFINITE_RECURSION = YES;
				CLANG_WARN_INT_CONVERSION = YES;
				CLANG_WARN_NON_LITERAL_NULL_CONVERSION = YES;
				CLANG_WARN_OBJC_IMPLICIT_RETAIN_SELF = YES;
				CLANG_WARN_OBJC_LITERAL_CONVERSION = YES;
				CLANG_WARN_OBJC_ROOT_CLASS = YES_ERROR;
				CLANG_WARN_QUOTED_INCLUDE_IN_FRAMEWORK_HEADER = YES;
				CLANG_WARN_RANGE_LOOP_ANALYSIS = YES;
				CLANG_WARN_STRICT_PROTOTYPES = YES;
				CLANG_WARN_SUSPICIOUS_MOVE = YES;
				CLANG_WARN_UNGUARDED_AVAILABILITY = YES_AGGRESSIVE;
				CLANG_WARN_UNREACHABLE_CODE = YES;
				CLANG_WARN__DUPLICATE_METHOD_MATCH = YES;
				COPY_PHASE_STRIP = NO;
				DEBUG_INFORMATION_FORMAT = dwarf;
				ENABLE_STRICT_OBJC_MSGSEND = YES;
				ENABLE_TESTABILITY = YES;
				GCC_C_LANGUAGE_STANDARD = gnu11;
				GCC_DYNAMIC_NO_PIC = NO;
				GCC_NO_COMMON_BLOCKS = YES;
				GCC_OPTIMIZATION_LEVEL = 0;
				GCC_PREPROCESSOR_DEFINITIONS = (
					"DEBUG=1",
					"$(inherited)",
				);
				GCC_WARN_64_TO_32_BIT_CONVERSION = YES;
				GCC_WARN_ABOUT_RETURN_TYPE = YES_ERROR;
				GCC_WARN_UNDECLARED_SELECTOR = YES;
				GCC_WARN_UNINITIALIZED_AUTOS = YES_AGGRESSIVE;
				GCC_WARN_UNUSED_FUNCTION = YES;
				GCC_WARN_UNUSED_VARIABLE = YES;
				IPHONEOS_DEPLOYMENT_TARGET = 16.0;
				MTL_ENABLE_DEBUG_INFO = INCLUDE_SOURCE;
				MTL_FAST_MATH = YES;
				ONLY_ACTIVE_ARCH = YES;
				SDKROOT = iphoneos;
				SWIFT_ACTIVE_COMPILATION_CONDITIONS = DEBUG;
				SWIFT_OPTIMIZATION_LEVEL = "-Onone";
			};
			name = Debug;
		};
		879DE3EC292356850043B1CF /* Release */ = {
			isa = XCBuildConfiguration;
			buildSettings = {
				ALWAYS_SEARCH_USER_PATHS = NO;
				CLANG_ANALYZER_NONNULL = YES;
				CLANG_ANALYZER_NUMBER_OBJECT_CONVERSION = YES_AGGRESSIVE;
				CLANG_CXX_LANGUAGE_STANDARD = "gnu++20";
				CLANG_ENABLE_MODULES = YES;
				CLANG_ENABLE_OBJC_ARC = YES;
				CLANG_ENABLE_OBJC_WEAK = YES;
				CLANG_WARN_BLOCK_CAPTURE_AUTORELEASING = YES;
				CLANG_WARN_BOOL_CONVERSION = YES;
				CLANG_WARN_COMMA = YES;
				CLANG_WARN_CONSTANT_CONVERSION = YES;
				CLANG_WARN_DEPRECATED_OBJC_IMPLEMENTATIONS = YES;
				CLANG_WARN_DIRECT_OBJC_ISA_USAGE = YES_ERROR;
				CLANG_WARN_DOCUMENTATION_COMMENTS = YES;
				CLANG_WARN_EMPTY_BODY = YES;
				CLANG_WARN_ENUM_CONVERSION = YES;
				CLANG_WARN_INFINITE_RECURSION = YES;
				CLANG_WARN_INT_CONVERSION = YES;
				CLANG_WARN_NON_LITERAL_NULL_CONVERSION = YES;
				CLANG_WARN_OBJC_IMPLICIT_RETAIN_SELF = YES;
				CLANG_WARN_OBJC_LITERAL_CONVERSION = YES;
				CLANG_WARN_OBJC_ROOT_CLASS = YES_ERROR;
				CLANG_WARN_QUOTED_INCLUDE_IN_FRAMEWORK_HEADER = YES;
				CLANG_WARN_RANGE_LOOP_ANALYSIS = YES;
				CLANG_WARN_STRICT_PROTOTYPES = YES;
				CLANG_WARN_SUSPICIOUS_MOVE = YES;
				CLANG_WARN_UNGUARDED_AVAILABILITY = YES_AGGRESSIVE;
				CLANG_WARN_UNREACHABLE_CODE = YES;
				CLANG_WARN__DUPLICATE_METHOD_MATCH = YES;
				COPY_PHASE_STRIP = NO;
				DEBUG_INFORMATION_FORMAT = "dwarf-with-dsym";
				ENABLE_NS_ASSERTIONS = NO;
				ENABLE_STRICT_OBJC_MSGSEND = YES;
				GCC_C_LANGUAGE_STANDARD = gnu11;
				GCC_NO_COMMON_BLOCKS = YES;
				GCC_WARN_64_TO_32_BIT_CONVERSION = YES;
				GCC_WARN_ABOUT_RETURN_TYPE = YES_ERROR;
				GCC_WARN_UNDECLARED_SELECTOR = YES;
				GCC_WARN_UNINITIALIZED_AUTOS = YES_AGGRESSIVE;
				GCC_WARN_UNUSED_FUNCTION = YES;
				GCC_WARN_UNUSED_VARIABLE = YES;
				IPHONEOS_DEPLOYMENT_TARGET = 16.0;
				MTL_ENABLE_DEBUG_INFO = NO;
				MTL_FAST_MATH = YES;
				SDKROOT = iphoneos;
				SWIFT_COMPILATION_MODE = wholemodule;
				SWIFT_OPTIMIZATION_LEVEL = "-O";
				VALIDATE_PRODUCT = YES;
			};
			name = Release;
		};
		879DE3EE292356850043B1CF /* Debug */ = {
			isa = XCBuildConfiguration;
			buildSettings = {
				ASSETCATALOG_COMPILER_APPICON_NAME = AppIcon;
				ASSETCATALOG_COMPILER_GLOBAL_ACCENT_COLOR_NAME = AccentColor;
				CODE_SIGN_STYLE = Automatic;
				CURRENT_PROJECT_VERSION = 1;
				DEVELOPMENT_TEAM = 7V26NB3D3P;
				GENERATE_INFOPLIST_FILE = YES;
				INFOPLIST_FILE = ANIMATIONSJECM/Info.plist;
				INFOPLIST_KEY_UIApplicationSupportsIndirectInputEvents = YES;
				INFOPLIST_KEY_UILaunchStoryboardName = LaunchScreen;
				INFOPLIST_KEY_UIMainStoryboardFile = Main;
				INFOPLIST_KEY_UISupportedInterfaceOrientations_iPad = "UIInterfaceOrientationPortrait UIInterfaceOrientationPortraitUpsideDown UIInterfaceOrientationLandscapeLeft UIInterfaceOrientationLandscapeRight";
				INFOPLIST_KEY_UISupportedInterfaceOrientations_iPhone = "UIInterfaceOrientationPortrait UIInterfaceOrientationLandscapeLeft UIInterfaceOrientationLandscapeRight";
				IPHONEOS_DEPLOYMENT_TARGET = 15.3;
				LD_RUNPATH_SEARCH_PATHS = (
					"$(inherited)",
					"@executable_path/Frameworks",
				);
				MARKETING_VERSION = 1.0;
				PRODUCT_BUNDLE_IDENTIFIER = com.jecm.ANIMATIONSJECM;
				PRODUCT_NAME = "$(TARGET_NAME)";
				SWIFT_EMIT_LOC_STRINGS = YES;
				SWIFT_VERSION = 5.0;
				TARGETED_DEVICE_FAMILY = "1,2";
			};
			name = Debug;
		};
		879DE3EF292356850043B1CF /* Release */ = {
			isa = XCBuildConfiguration;
			buildSettings = {
				ASSETCATALOG_COMPILER_APPICON_NAME = AppIcon;
				ASSETCATALOG_COMPILER_GLOBAL_ACCENT_COLOR_NAME = AccentColor;
				CODE_SIGN_STYLE = Automatic;
				CURRENT_PROJECT_VERSION = 1;
				DEVELOPMENT_TEAM = 7V26NB3D3P;
				GENERATE_INFOPLIST_FILE = YES;
				INFOPLIST_FILE = ANIMATIONSJECM/Info.plist;
				INFOPLIST_KEY_UIApplicationSupportsIndirectInputEvents = YES;
				INFOPLIST_KEY_UILaunchStoryboardName = LaunchScreen;
				INFOPLIST_KEY_UIMainStoryboardFile = Main;
				INFOPLIST_KEY_UISupportedInterfaceOrientations_iPad = "UIInterfaceOrientationPortrait UIInterfaceOrientationPortraitUpsideDown UIInterfaceOrientationLandscapeLeft UIInterfaceOrientationLandscapeRight";
				INFOPLIST_KEY_UISupportedInterfaceOrientations_iPhone = "UIInterfaceOrientationPortrait UIInterfaceOrientationLandscapeLeft UIInterfaceOrientationLandscapeRight";
				IPHONEOS_DEPLOYMENT_TARGET = 15.3;
				LD_RUNPATH_SEARCH_PATHS = (
					"$(inherited)",
					"@executable_path/Frameworks",
				);
				MARKETING_VERSION = 1.0;
				PRODUCT_BUNDLE_IDENTIFIER = com.jecm.ANIMATIONSJECM;
				PRODUCT_NAME = "$(TARGET_NAME)";
				SWIFT_EMIT_LOC_STRINGS = YES;
				SWIFT_VERSION = 5.0;
				TARGETED_DEVICE_FAMILY = "1,2";
			};
			name = Release;
		};
/* End XCBuildConfiguration section */

/* Begin XCConfigurationList section */
		879DE3D4292356840043B1CF /* Build configuration list for PBXProject "ANIMATIONSJECM" */ = {
			isa = XCConfigurationList;
			buildConfigurations = (
				879DE3EB292356850043B1CF /* Debug */,
				879DE3EC292356850043B1CF /* Release */,
			);
			defaultConfigurationIsVisible = 0;
			defaultConfigurationName = Release;
		};
		879DE3ED292356850043B1CF /* Build configuration list for PBXNativeTarget "ANIMATIONSJECM" */ = {
			isa = XCConfigurationList;
			buildConfigurations = (
				879DE3EE292356850043B1CF /* Debug */,
				879DE3EF292356850043B1CF /* Release */,
			);
			defaultConfigurationIsVisible = 0;
			defaultConfigurationName = Release;
		};
/* End XCConfigurationList section */

/* Begin XCRemoteSwiftPackageReference section */
		838BB646292362DC0089B6F9 /* XCRemoteSwiftPackageReference "lottie-ios" */ = {
			isa = XCRemoteSwiftPackageReference;
			repositoryURL = "https://github.com/airbnb/lottie-ios.git";
			requirement = {
				kind = upToNextMajorVersion;
				minimumVersion = 3.0.0;
			};
		};
/* End XCRemoteSwiftPackageReference section */

/* Begin XCSwiftPackageProductDependency section */
		838BB647292362DC0089B6F9 /* Lottie */ = {
			isa = XCSwiftPackageProductDependency;
			package = 838BB646292362DC0089B6F9 /* XCRemoteSwiftPackageReference "lottie-ios" */;
			productName = Lottie;
		};
/* End XCSwiftPackageProductDependency section */
	};
	rootObject = 879DE3D1292356840043B1CF /* Project object */;
}
